
Microsoft Visual Studio Solution File, Format Version 12.00
# Visual Studio 15
VisualStudioVersion = 15.0.28010.2016
MinimumVisualStudioVersion = 10.0.40219.1
Project("{FAE04EC0-301F-11D3-BF4B-00C04F79EFBC}") = "FooBarQixToolkit", "FooBarQixToolkit\FooBarQixToolkit.csproj", "{F0D16CE0-C556-4539-AA1F-0D84EF9BFCED}"
EndProject
Project("{FAE04EC0-301F-11D3-BF4B-00C04F79EFBC}") = "FooBarQixToolkit.Tests", "FooBarQixToolkit.Tests\FooBarQixToolkit.Tests.csproj", "{72FF9C99-213C-4123-9EBA-BF3AA3BD9AB7}"
EndProject
Project("{2150E333-8FDC-42A3-9474-1A3956D46DE8}") = "Solution Items", "Solution Items", "{AB0B9100-68CD-4567-AFF9-B628BCBF38AF}"
	ProjectSection(SolutionItems) = preProject
		.travis.yml = .travis.yml
	EndProjectSection
EndProject
Global
	GlobalSection(SolutionConfigurationPlatforms) = preSolution
		Debug|Any CPU = Debug|Any CPU
		Release|Any CPU = Release|Any CPU
	EndGlobalSection
	GlobalSection(ProjectConfigurationPlatforms) = postSolution
		{F0D16CE0-C556-4539-AA1F-0D84EF9BFCED}.Debug|Any CPU.ActiveCfg = Debug|Any CPU
		{F0D16CE0-C556-4539-AA1F-0D84EF9BFCED}.Debug|Any CPU.Build.0 = Debug|Any CPU
		{F0D16CE0-C556-4539-AA1F-0D84EF9BFCED}.Release|Any CPU.ActiveCfg = Release|Any CPU
		{F0D16CE0-C556-4539-AA1F-0D84EF9BFCED}.Release|Any CPU.Build.0 = Release|Any CPU
		{72FF9C99-213C-4123-9EBA-BF3AA3BD9AB7}.Debug|Any CPU.ActiveCfg = Debug|Any CPU
		{72FF9C99-213C-4123-9EBA-BF3AA3BD9AB7}.Debug|Any CPU.Build.0 = Debug|Any CPU
		{72FF9C99-213C-4123-9EBA-BF3AA3BD9AB7}.Release|Any CPU.ActiveCfg = Release|Any CPU
		{72FF9C99-213C-4123-9EBA-BF3AA3BD9AB7}.Release|Any CPU.Build.0 = Release|Any CPU
	EndGlobalSection
	GlobalSection(SolutionProperties) = preSolution
		HideSolutionNode = FALSE
	EndGlobalSection
	GlobalSection(ExtensibilityGlobals) = postSolution
		SolutionGuid = {D10A110C-BE1D-498C-9663-EF3ED260DFE2}
	EndGlobalSection
EndGlobal
